
Microsoft Visual Studio Solution File, Format Version 12.00
# Visual Studio Version 17
VisualStudioVersion = 17.6.33723.286
MinimumVisualStudioVersion = 10.0.40219.1
Project("{FAE04EC0-301F-11D3-BF4B-00C04F79EFBC}") = "SCP 966", "SCP 966\SCP 966.csproj", "{D68D728E-C147-4A5B-A827-712B26D074D5}"
EndProject
Global
	GlobalSection(SolutionConfigurationPlatforms) = preSolution
		Debug|Any CPU = Debug|Any CPU
		Release|Any CPU = Release|Any CPU
	EndGlobalSection
	GlobalSection(ProjectConfigurationPlatforms) = postSolution
		{D68D728E-C147-4A5B-A827-712B26D074D5}.Debug|Any CPU.ActiveCfg = Debug|Any CPU
		{D68D728E-C147-4A5B-A827-712B26D074D5}.Debug|Any CPU.Build.0 = Debug|Any CPU
		{D68D728E-C147-4A5B-A827-712B26D074D5}.Release|Any CPU.ActiveCfg = Release|Any CPU
		{D68D728E-C147-4A5B-A827-712B26D074D5}.Release|Any CPU.Build.0 = Release|Any CPU
	EndGlobalSection
	GlobalSection(SolutionProperties) = preSolution
		HideSolutionNode = FALSE
	EndGlobalSection
	GlobalSection(ExtensibilityGlobals) = postSolution
		SolutionGuid = {667BD29F-4DC4-435F-869A-13C291A5998A}
	EndGlobalSection
EndGlobal
